// !$*UTF8*$!
{
	archiveVersion = 1;
	classes = {
	};
	objectVersion = 46;
	objects = {

/* Begin PBXBuildFile section */
		85059C191B963FBD001F9F15 /* PreloaderVC.swift in Sources */ = {isa = PBXBuildFile; fileRef = 85059C181B963FBD001F9F15 /* PreloaderVC.swift */; };
		85059C1B1B986BA3001F9F15 /* Noti.swift in Sources */ = {isa = PBXBuildFile; fileRef = 85059C1A1B986BA3001F9F15 /* Noti.swift */; };
		85059C1E1B987277001F9F15 /* NotificationCell.swift in Sources */ = {isa = PBXBuildFile; fileRef = 85059C1D1B987277001F9F15 /* NotificationCell.swift */; };
		85059C201B98731A001F9F15 /* WallNewMemberCell.swift in Sources */ = {isa = PBXBuildFile; fileRef = 85059C1F1B98731A001F9F15 /* WallNewMemberCell.swift */; };
		85059C221B987335001F9F15 /* WallMeetingUpdateCell.swift in Sources */ = {isa = PBXBuildFile; fileRef = 85059C211B987335001F9F15 /* WallMeetingUpdateCell.swift */; };
		85059C241B987372001F9F15 /* WallReminderCell.swift in Sources */ = {isa = PBXBuildFile; fileRef = 85059C231B987372001F9F15 /* WallReminderCell.swift */; };
		85059C261B9873D6001F9F15 /* WallVC.swift in Sources */ = {isa = PBXBuildFile; fileRef = 85059C251B9873D6001F9F15 /* WallVC.swift */; };
		85059C2C1B9C924A001F9F15 /* Assets.xcassets in Resources */ = {isa = PBXBuildFile; fileRef = 85059C2B1B9C924A001F9F15 /* Assets.xcassets */; };
		85083F0F1B7A5CF8000497F2 /* NetworkGroupVC.swift in Sources */ = {isa = PBXBuildFile; fileRef = 85083F0E1B7A5CF8000497F2 /* NetworkGroupVC.swift */; };
		8520C8461BA756D3008471EB /* B68UIFloatLabelTextField.swift in Sources */ = {isa = PBXBuildFile; fileRef = 8520C8451BA756D3008471EB /* B68UIFloatLabelTextField.swift */; settings = {ASSET_TAGS = (); }; };
		8520C8481BA81D06008471EB /* ProfileNavVC.swift in Sources */ = {isa = PBXBuildFile; fileRef = 8520C8471BA81D06008471EB /* ProfileNavVC.swift */; settings = {ASSET_TAGS = (); }; };
		8520C84A1BAA066F008471EB /* ReferatVC.swift in Sources */ = {isa = PBXBuildFile; fileRef = 8520C8491BAA066F008471EB /* ReferatVC.swift */; settings = {ASSET_TAGS = (); }; };
		8520C84C1BAA100C008471EB /* IndstillingerVC.swift in Sources */ = {isa = PBXBuildFile; fileRef = 8520C84B1BAA100C008471EB /* IndstillingerVC.swift */; settings = {ASSET_TAGS = (); }; };
		8520C8501BAADA95008471EB /* CustomTableView.swift in Sources */ = {isa = PBXBuildFile; fileRef = 8520C84F1BAADA95008471EB /* CustomTableView.swift */; settings = {ASSET_TAGS = (); }; };
		85225FF11B5A711C001E7BED /* AppDelegate.swift in Sources */ = {isa = PBXBuildFile; fileRef = 85225FF01B5A711C001E7BED /* AppDelegate.swift */; };
		85225FF31B5A711C001E7BED /* ViewController.swift in Sources */ = {isa = PBXBuildFile; fileRef = 85225FF21B5A711C001E7BED /* ViewController.swift */; };
		85225FF61B5A711C001E7BED /* Main.storyboard in Resources */ = {isa = PBXBuildFile; fileRef = 85225FF41B5A711C001E7BED /* Main.storyboard */; };
		85225FF91B5A711C001E7BED /* iungo.xcdatamodeld in Sources */ = {isa = PBXBuildFile; fileRef = 85225FF71B5A711C001E7BED /* iungo.xcdatamodeld */; };
		85225FFE1B5A711C001E7BED /* LaunchScreen.storyboard in Resources */ = {isa = PBXBuildFile; fileRef = 85225FFC1B5A711C001E7BED /* LaunchScreen.storyboard */; };
		852260091B5A711C001E7BED /* iungoTests.swift in Sources */ = {isa = PBXBuildFile; fileRef = 852260081B5A711C001E7BED /* iungoTests.swift */; };
		852260141B5A711C001E7BED /* iungoUITests.swift in Sources */ = {isa = PBXBuildFile; fileRef = 852260131B5A711C001E7BED /* iungoUITests.swift */; };
		854463E31B7A598700C25F6C /* GMNavVC.swift in Sources */ = {isa = PBXBuildFile; fileRef = 854463E21B7A598700C25F6C /* GMNavVC.swift */; };
		85563A8D1B9CD249005C926E /* SwiftyJSON.swift in Sources */ = {isa = PBXBuildFile; fileRef = 85563A8C1B9CD249005C926E /* SwiftyJSON.swift */; settings = {ASSET_TAGS = (); }; };
		85563A8F1B9CD2D0005C926E /* Firebase.framework in Frameworks */ = {isa = PBXBuildFile; fileRef = 85563A8E1B9CD2D0005C926E /* Firebase.framework */; settings = {ASSET_TAGS = (); }; };
		85563A931B9CD3AA005C926E /* libicucore.A.tbd in Frameworks */ = {isa = PBXBuildFile; fileRef = 85563A911B9CD3AA005C926E /* libicucore.A.tbd */; };
		85563A941B9CD3AA005C926E /* libicucore.tbd in Frameworks */ = {isa = PBXBuildFile; fileRef = 85563A921B9CD3AA005C926E /* libicucore.tbd */; };
		85563A961B9CD3BE005C926E /* libc++.tbd in Frameworks */ = {isa = PBXBuildFile; fileRef = 85563A951B9CD3BE005C926E /* libc++.tbd */; };
		85563A981B9CD3CA005C926E /* CFNetwork.framework in Frameworks */ = {isa = PBXBuildFile; fileRef = 85563A971B9CD3CA005C926E /* CFNetwork.framework */; };
		85563A9A1B9CD3D4005C926E /* Security.framework in Frameworks */ = {isa = PBXBuildFile; fileRef = 85563A991B9CD3D4005C926E /* Security.framework */; };
		85563A9C1B9CD3E1005C926E /* SystemConfiguration.framework in Frameworks */ = {isa = PBXBuildFile; fileRef = 85563A9B1B9CD3E1005C926E /* SystemConfiguration.framework */; };
		85563A9E1BA15422005C926E /* ProfileEditVC.swift in Sources */ = {isa = PBXBuildFile; fileRef = 85563A9D1BA15422005C926E /* ProfileEditVC.swift */; settings = {ASSET_TAGS = (); }; };
		85563AA11BA1B988005C926E /* ProfileEditTopCell.swift in Sources */ = {isa = PBXBuildFile; fileRef = 85563AA01BA1B988005C926E /* ProfileEditTopCell.swift */; settings = {ASSET_TAGS = (); }; };
		85563AA31BA1B9A6005C926E /* ProfileEditContactCell.swift in Sources */ = {isa = PBXBuildFile; fileRef = 85563AA21BA1B9A6005C926E /* ProfileEditContactCell.swift */; settings = {ASSET_TAGS = (); }; };
		85563AA51BA1B9BA005C926E /* ProfileEditAddressCell.swift in Sources */ = {isa = PBXBuildFile; fileRef = 85563AA41BA1B9BA005C926E /* ProfileEditAddressCell.swift */; settings = {ASSET_TAGS = (); }; };
		85563AA71BA1B9CD005C926E /* ProfileEditDescriptionCell.swift in Sources */ = {isa = PBXBuildFile; fileRef = 85563AA61BA1B9CD005C926E /* ProfileEditDescriptionCell.swift */; settings = {ASSET_TAGS = (); }; };
		85563AA91BA1C7E1005C926E /* TestCell.swift in Sources */ = {isa = PBXBuildFile; fileRef = 85563AA81BA1C7E1005C926E /* TestCell.swift */; settings = {ASSET_TAGS = (); }; };
		85563AAB1BA1D2D5005C926E /* ProfileEditUserCell.swift in Sources */ = {isa = PBXBuildFile; fileRef = 85563AAA1BA1D2D5005C926E /* ProfileEditUserCell.swift */; settings = {ASSET_TAGS = (); }; };
		855F2ED91B5EF6FF00FF24A1 /* MeetingViewController.swift in Sources */ = {isa = PBXBuildFile; fileRef = 855F2ED81B5EF6FF00FF24A1 /* MeetingViewController.swift */; };
		855F2EDB1B5EFA9700FF24A1 /* TransitionManager.swift in Sources */ = {isa = PBXBuildFile; fileRef = 855F2EDA1B5EFA9700FF24A1 /* TransitionManager.swift */; };
		855F2F211B5FCD0800FF24A1 /* MeetingTop.swift in Sources */ = {isa = PBXBuildFile; fileRef = 855F2F201B5FCD0800FF24A1 /* MeetingTop.swift */; };
		855F2F231B5FCD7900FF24A1 /* MeetingPlace.swift in Sources */ = {isa = PBXBuildFile; fileRef = 855F2F221B5FCD7900FF24A1 /* MeetingPlace.swift */; };
		855F2F251B5FCD8F00FF24A1 /* MeetingInfo.swift in Sources */ = {isa = PBXBuildFile; fileRef = 855F2F241B5FCD8F00FF24A1 /* MeetingInfo.swift */; };
		855F2F271B5FCDA400FF24A1 /* MeetingAgenda.swift in Sources */ = {isa = PBXBuildFile; fileRef = 855F2F261B5FCDA400FF24A1 /* MeetingAgenda.swift */; };
		857739DF1B5E7ABA008ADFA0 /* Meeting.swift in Sources */ = {isa = PBXBuildFile; fileRef = 857739DE1B5E7ABA008ADFA0 /* Meeting.swift */; };
		857A62051B5D284500AA3921 /* MeetingCell.swift in Sources */ = {isa = PBXBuildFile; fileRef = 857A62041B5D284500AA3921 /* MeetingCell.swift */; };
		858985C21B751D6800541557 /* TestVC.swift in Sources */ = {isa = PBXBuildFile; fileRef = 858985C11B751D6800541557 /* TestVC.swift */; };
		858985C61B75FA7800541557 /* MeetingButton.swift in Sources */ = {isa = PBXBuildFile; fileRef = 858985C51B75FA7800541557 /* MeetingButton.swift */; };
		858985C81B77526B00541557 /* ProfileVC.swift in Sources */ = {isa = PBXBuildFile; fileRef = 858985C71B77526B00541557 /* ProfileVC.swift */; };
		858985CC1B7A05C500541557 /* ProfileTopCell.swift in Sources */ = {isa = PBXBuildFile; fileRef = 858985CB1B7A05C500541557 /* ProfileTopCell.swift */; };
		858985CE1B7A062C00541557 /* ProfileContactCell.swift in Sources */ = {isa = PBXBuildFile; fileRef = 858985CD1B7A062C00541557 /* ProfileContactCell.swift */; };
		858985D01B7A064000541557 /* ProfileAddressCell.swift in Sources */ = {isa = PBXBuildFile; fileRef = 858985CF1B7A064000541557 /* ProfileAddressCell.swift */; };
		858985D21B7A065600541557 /* ProfileDescriptionCell.swift in Sources */ = {isa = PBXBuildFile; fileRef = 858985D11B7A065600541557 /* ProfileDescriptionCell.swift */; };
		85A1F95D1B6BAA0900F7121D /* MenuViewController.swift in Sources */ = {isa = PBXBuildFile; fileRef = 85A1F95C1B6BAA0900F7121D /* MenuViewController.swift */; };
		85A1F9621B6BB1F100F7121D /* SWRevealViewController.m in Sources */ = {isa = PBXBuildFile; fileRef = 85A1F9611B6BB1F100F7121D /* SWRevealViewController.m */; };
		85C2D2871B6CC84700513FA4 /* ListVC.swift in Sources */ = {isa = PBXBuildFile; fileRef = 85C2D2861B6CC84600513FA4 /* ListVC.swift */; };
		85C2D2891B6CCA8900513FA4 /* ListCell.swift in Sources */ = {isa = PBXBuildFile; fileRef = 85C2D2881B6CCA8900513FA4 /* ListCell.swift */; };
		85C2D28F1B6CE23F00513FA4 /* User.swift in Sources */ = {isa = PBXBuildFile; fileRef = 85C2D28E1B6CE23F00513FA4 /* User.swift */; };
		85C2D2911B6E57C200513FA4 /* Settings.swift in Sources */ = {isa = PBXBuildFile; fileRef = 85C2D2901B6E57C200513FA4 /* Settings.swift */; };
		85DE97E61B961BFC005ACFEF /* LoginVC.swift in Sources */ = {isa = PBXBuildFile; fileRef = 85DE97E51B961BFC005ACFEF /* LoginVC.swift */; };
		85DFDDF51B84C3D500A0BE72 /* NetworkGroupCell.swift in Sources */ = {isa = PBXBuildFile; fileRef = 85DFDDF41B84C3D500A0BE72 /* NetworkGroupCell.swift */; };
		85DFDDF71B84C9BD00A0BE72 /* NetworkGroup.swift in Sources */ = {isa = PBXBuildFile; fileRef = 85DFDDF61B84C9BD00A0BE72 /* NetworkGroup.swift */; };
		85DFDDF91B85F49C00A0BE72 /* NetworkGroupProfileVC.swift in Sources */ = {isa = PBXBuildFile; fileRef = 85DFDDF81B85F49C00A0BE72 /* NetworkGroupProfileVC.swift */; };
		85DFDDFC1B85FB7800A0BE72 /* NetworkTopCell.swift in Sources */ = {isa = PBXBuildFile; fileRef = 85DFDDFB1B85FB7800A0BE72 /* NetworkTopCell.swift */; };
		85DFDDFE1B85FBB100A0BE72 /* NetworkInfoCell.swift in Sources */ = {isa = PBXBuildFile; fileRef = 85DFDDFD1B85FBB100A0BE72 /* NetworkInfoCell.swift */; };
		85DFDE001B85FBD500A0BE72 /* NetworkDescriptionCell.swift in Sources */ = {isa = PBXBuildFile; fileRef = 85DFDDFF1B85FBD500A0BE72 /* NetworkDescriptionCell.swift */; };
/* End PBXBuildFile section */

/* Begin PBXBuildRule section */
		85563A901B9CD31A005C926E /* PBXBuildRule */ = {
			isa = PBXBuildRule;
			compilerSpec = com.apple.compilers.proxy.script;
			fileType = pattern.proxy;
			isEditable = 1;
			outputFiles = (
			);
			script = "";
		};
/* End PBXBuildRule section */

/* Begin PBXContainerItemProxy section */
		852260051B5A711C001E7BED /* PBXContainerItemProxy */ = {
			isa = PBXContainerItemProxy;
			containerPortal = 85225FE51B5A711C001E7BED /* Project object */;
			proxyType = 1;
			remoteGlobalIDString = 85225FEC1B5A711C001E7BED;
			remoteInfo = iungo;
		};
		852260101B5A711C001E7BED /* PBXContainerItemProxy */ = {
			isa = PBXContainerItemProxy;
			containerPortal = 85225FE51B5A711C001E7BED /* Project object */;
			proxyType = 1;
			remoteGlobalIDString = 85225FEC1B5A711C001E7BED;
			remoteInfo = iungo;
		};
/* End PBXContainerItemProxy section */

/* Begin PBXFileReference section */
		85059C181B963FBD001F9F15 /* PreloaderVC.swift */ = {isa = PBXFileReference; fileEncoding = 4; lastKnownFileType = sourcecode.swift; path = PreloaderVC.swift; sourceTree = "<group>"; };
		85059C1A1B986BA3001F9F15 /* Noti.swift */ = {isa = PBXFileReference; fileEncoding = 4; lastKnownFileType = sourcecode.swift; path = Noti.swift; sourceTree = "<group>"; };
		85059C1D1B987277001F9F15 /* NotificationCell.swift */ = {isa = PBXFileReference; fileEncoding = 4; lastKnownFileType = sourcecode.swift; path = NotificationCell.swift; sourceTree = "<group>"; };
		85059C1F1B98731A001F9F15 /* WallNewMemberCell.swift */ = {isa = PBXFileReference; fileEncoding = 4; lastKnownFileType = sourcecode.swift; path = WallNewMemberCell.swift; sourceTree = "<group>"; };
		85059C211B987335001F9F15 /* WallMeetingUpdateCell.swift */ = {isa = PBXFileReference; fileEncoding = 4; lastKnownFileType = sourcecode.swift; path = WallMeetingUpdateCell.swift; sourceTree = "<group>"; };
		85059C231B987372001F9F15 /* WallReminderCell.swift */ = {isa = PBXFileReference; fileEncoding = 4; lastKnownFileType = sourcecode.swift; path = WallReminderCell.swift; sourceTree = "<group>"; };
		85059C251B9873D6001F9F15 /* WallVC.swift */ = {isa = PBXFileReference; fileEncoding = 4; lastKnownFileType = sourcecode.swift; path = WallVC.swift; sourceTree = "<group>"; };
		85059C2B1B9C924A001F9F15 /* Assets.xcassets */ = {isa = PBXFileReference; lastKnownFileType = folder.assetcatalog; path = Assets.xcassets; sourceTree = "<group>"; };
		85083F0E1B7A5CF8000497F2 /* NetworkGroupVC.swift */ = {isa = PBXFileReference; fileEncoding = 4; lastKnownFileType = sourcecode.swift; path = NetworkGroupVC.swift; sourceTree = "<group>"; };
		8520C8451BA756D3008471EB /* B68UIFloatLabelTextField.swift */ = {isa = PBXFileReference; fileEncoding = 4; lastKnownFileType = sourcecode.swift; path = B68UIFloatLabelTextField.swift; sourceTree = "<group>"; };
		8520C8471BA81D06008471EB /* ProfileNavVC.swift */ = {isa = PBXFileReference; fileEncoding = 4; lastKnownFileType = sourcecode.swift; path = ProfileNavVC.swift; sourceTree = "<group>"; };
		8520C8491BAA066F008471EB /* ReferatVC.swift */ = {isa = PBXFileReference; fileEncoding = 4; lastKnownFileType = sourcecode.swift; path = ReferatVC.swift; sourceTree = "<group>"; };
		8520C84B1BAA100C008471EB /* IndstillingerVC.swift */ = {isa = PBXFileReference; fileEncoding = 4; lastKnownFileType = sourcecode.swift; path = IndstillingerVC.swift; sourceTree = "<group>"; };
		8520C84F1BAADA95008471EB /* CustomTableView.swift */ = {isa = PBXFileReference; fileEncoding = 4; lastKnownFileType = sourcecode.swift; path = CustomTableView.swift; sourceTree = "<group>"; };
		85225FED1B5A711C001E7BED /* iungo.app */ = {isa = PBXFileReference; explicitFileType = wrapper.application; includeInIndex = 0; path = iungo.app; sourceTree = BUILT_PRODUCTS_DIR; };
		85225FF01B5A711C001E7BED /* AppDelegate.swift */ = {isa = PBXFileReference; lastKnownFileType = sourcecode.swift; path = AppDelegate.swift; sourceTree = "<group>"; };
		85225FF21B5A711C001E7BED /* ViewController.swift */ = {isa = PBXFileReference; lastKnownFileType = sourcecode.swift; path = ViewController.swift; sourceTree = "<group>"; };
		85225FF51B5A711C001E7BED /* Base */ = {isa = PBXFileReference; lastKnownFileType = file.storyboard; name = Base; path = Base.lproj/Main.storyboard; sourceTree = "<group>"; };
		85225FF81B5A711C001E7BED /* iungo.xcdatamodel */ = {isa = PBXFileReference; lastKnownFileType = wrapper.xcdatamodel; path = iungo.xcdatamodel; sourceTree = "<group>"; };
		85225FFD1B5A711C001E7BED /* Base */ = {isa = PBXFileReference; lastKnownFileType = file.storyboard; name = Base; path = Base.lproj/LaunchScreen.storyboard; sourceTree = "<group>"; };
		85225FFF1B5A711C001E7BED /* Info.plist */ = {isa = PBXFileReference; lastKnownFileType = text.plist.xml; path = Info.plist; sourceTree = "<group>"; };
		852260041B5A711C001E7BED /* iungoTests.xctest */ = {isa = PBXFileReference; explicitFileType = wrapper.cfbundle; includeInIndex = 0; path = iungoTests.xctest; sourceTree = BUILT_PRODUCTS_DIR; };
		852260081B5A711C001E7BED /* iungoTests.swift */ = {isa = PBXFileReference; lastKnownFileType = sourcecode.swift; path = iungoTests.swift; sourceTree = "<group>"; };
		8522600A1B5A711C001E7BED /* Info.plist */ = {isa = PBXFileReference; lastKnownFileType = text.plist.xml; path = Info.plist; sourceTree = "<group>"; };
		8522600F1B5A711C001E7BED /* iungoUITests.xctest */ = {isa = PBXFileReference; explicitFileType = wrapper.cfbundle; includeInIndex = 0; path = iungoUITests.xctest; sourceTree = BUILT_PRODUCTS_DIR; };
		852260131B5A711C001E7BED /* iungoUITests.swift */ = {isa = PBXFileReference; lastKnownFileType = sourcecode.swift; path = iungoUITests.swift; sourceTree = "<group>"; };
		852260151B5A711C001E7BED /* Info.plist */ = {isa = PBXFileReference; lastKnownFileType = text.plist.xml; path = Info.plist; sourceTree = "<group>"; };
		854463E21B7A598700C25F6C /* GMNavVC.swift */ = {isa = PBXFileReference; fileEncoding = 4; lastKnownFileType = sourcecode.swift; path = GMNavVC.swift; sourceTree = "<group>"; };
		85563A8C1B9CD249005C926E /* SwiftyJSON.swift */ = {isa = PBXFileReference; fileEncoding = 4; lastKnownFileType = sourcecode.swift; path = SwiftyJSON.swift; sourceTree = "<group>"; };
		85563A8E1B9CD2D0005C926E /* Firebase.framework */ = {isa = PBXFileReference; lastKnownFileType = wrapper.framework; path = Firebase.framework; sourceTree = "<group>"; };
		85563A911B9CD3AA005C926E /* libicucore.A.tbd */ = {isa = PBXFileReference; lastKnownFileType = "sourcecode.text-based-dylib-definition"; name = libicucore.A.tbd; path = usr/lib/libicucore.A.tbd; sourceTree = SDKROOT; };
		85563A921B9CD3AA005C926E /* libicucore.tbd */ = {isa = PBXFileReference; lastKnownFileType = "sourcecode.text-based-dylib-definition"; name = libicucore.tbd; path = usr/lib/libicucore.tbd; sourceTree = SDKROOT; };
		85563A951B9CD3BE005C926E /* libc++.tbd */ = {isa = PBXFileReference; lastKnownFileType = "sourcecode.text-based-dylib-definition"; name = "libc++.tbd"; path = "usr/lib/libc++.tbd"; sourceTree = SDKROOT; };
		85563A971B9CD3CA005C926E /* CFNetwork.framework */ = {isa = PBXFileReference; lastKnownFileType = wrapper.framework; name = CFNetwork.framework; path = System/Library/Frameworks/CFNetwork.framework; sourceTree = SDKROOT; };
		85563A991B9CD3D4005C926E /* Security.framework */ = {isa = PBXFileReference; lastKnownFileType = wrapper.framework; name = Security.framework; path = System/Library/Frameworks/Security.framework; sourceTree = SDKROOT; };
		85563A9B1B9CD3E1005C926E /* SystemConfiguration.framework */ = {isa = PBXFileReference; lastKnownFileType = wrapper.framework; name = SystemConfiguration.framework; path = System/Library/Frameworks/SystemConfiguration.framework; sourceTree = SDKROOT; };
		85563A9D1BA15422005C926E /* ProfileEditVC.swift */ = {isa = PBXFileReference; fileEncoding = 4; lastKnownFileType = sourcecode.swift; path = ProfileEditVC.swift; sourceTree = "<group>"; };
		85563AA01BA1B988005C926E /* ProfileEditTopCell.swift */ = {isa = PBXFileReference; fileEncoding = 4; lastKnownFileType = sourcecode.swift; path = ProfileEditTopCell.swift; sourceTree = "<group>"; };
		85563AA21BA1B9A6005C926E /* ProfileEditContactCell.swift */ = {isa = PBXFileReference; fileEncoding = 4; lastKnownFileType = sourcecode.swift; path = ProfileEditContactCell.swift; sourceTree = "<group>"; };
		85563AA41BA1B9BA005C926E /* ProfileEditAddressCell.swift */ = {isa = PBXFileReference; fileEncoding = 4; lastKnownFileType = sourcecode.swift; path = ProfileEditAddressCell.swift; sourceTree = "<group>"; };
		85563AA61BA1B9CD005C926E /* ProfileEditDescriptionCell.swift */ = {isa = PBXFileReference; fileEncoding = 4; lastKnownFileType = sourcecode.swift; path = ProfileEditDescriptionCell.swift; sourceTree = "<group>"; };
		85563AA81BA1C7E1005C926E /* TestCell.swift */ = {isa = PBXFileReference; fileEncoding = 4; lastKnownFileType = sourcecode.swift; path = TestCell.swift; sourceTree = "<group>"; };
		85563AAA1BA1D2D5005C926E /* ProfileEditUserCell.swift */ = {isa = PBXFileReference; fileEncoding = 4; lastKnownFileType = sourcecode.swift; path = ProfileEditUserCell.swift; sourceTree = "<group>"; };
		855F2ED81B5EF6FF00FF24A1 /* MeetingViewController.swift */ = {isa = PBXFileReference; fileEncoding = 4; lastKnownFileType = sourcecode.swift; path = MeetingViewController.swift; sourceTree = "<group>"; };
		855F2EDA1B5EFA9700FF24A1 /* TransitionManager.swift */ = {isa = PBXFileReference; fileEncoding = 4; lastKnownFileType = sourcecode.swift; path = TransitionManager.swift; sourceTree = "<group>"; };
		855F2F201B5FCD0800FF24A1 /* MeetingTop.swift */ = {isa = PBXFileReference; fileEncoding = 4; lastKnownFileType = sourcecode.swift; path = MeetingTop.swift; sourceTree = "<group>"; };
		855F2F221B5FCD7900FF24A1 /* MeetingPlace.swift */ = {isa = PBXFileReference; fileEncoding = 4; lastKnownFileType = sourcecode.swift; path = MeetingPlace.swift; sourceTree = "<group>"; };
		855F2F241B5FCD8F00FF24A1 /* MeetingInfo.swift */ = {isa = PBXFileReference; fileEncoding = 4; lastKnownFileType = sourcecode.swift; path = MeetingInfo.swift; sourceTree = "<group>"; };
		855F2F261B5FCDA400FF24A1 /* MeetingAgenda.swift */ = {isa = PBXFileReference; fileEncoding = 4; lastKnownFileType = sourcecode.swift; path = MeetingAgenda.swift; sourceTree = "<group>"; };
		857739DE1B5E7ABA008ADFA0 /* Meeting.swift */ = {isa = PBXFileReference; fileEncoding = 4; lastKnownFileType = sourcecode.swift; path = Meeting.swift; sourceTree = "<group>"; };
		857A62041B5D284500AA3921 /* MeetingCell.swift */ = {isa = PBXFileReference; fileEncoding = 4; lastKnownFileType = sourcecode.swift; path = MeetingCell.swift; sourceTree = "<group>"; };
		858985C11B751D6800541557 /* TestVC.swift */ = {isa = PBXFileReference; fileEncoding = 4; lastKnownFileType = sourcecode.swift; path = TestVC.swift; sourceTree = "<group>"; };
		858985C51B75FA7800541557 /* MeetingButton.swift */ = {isa = PBXFileReference; fileEncoding = 4; lastKnownFileType = sourcecode.swift; path = MeetingButton.swift; sourceTree = "<group>"; };
		858985C71B77526B00541557 /* ProfileVC.swift */ = {isa = PBXFileReference; fileEncoding = 4; lastKnownFileType = sourcecode.swift; path = ProfileVC.swift; sourceTree = "<group>"; };
		858985CB1B7A05C500541557 /* ProfileTopCell.swift */ = {isa = PBXFileReference; fileEncoding = 4; lastKnownFileType = sourcecode.swift; path = ProfileTopCell.swift; sourceTree = "<group>"; };
		858985CD1B7A062C00541557 /* ProfileContactCell.swift */ = {isa = PBXFileReference; fileEncoding = 4; lastKnownFileType = sourcecode.swift; path = ProfileContactCell.swift; sourceTree = "<group>"; };
		858985CF1B7A064000541557 /* ProfileAddressCell.swift */ = {isa = PBXFileReference; fileEncoding = 4; lastKnownFileType = sourcecode.swift; path = ProfileAddressCell.swift; sourceTree = "<group>"; };
		858985D11B7A065600541557 /* ProfileDescriptionCell.swift */ = {isa = PBXFileReference; fileEncoding = 4; lastKnownFileType = sourcecode.swift; path = ProfileDescriptionCell.swift; sourceTree = "<group>"; };
		85A1F95C1B6BAA0900F7121D /* MenuViewController.swift */ = {isa = PBXFileReference; fileEncoding = 4; lastKnownFileType = sourcecode.swift; path = MenuViewController.swift; sourceTree = "<group>"; };
		85A1F9601B6BB1F100F7121D /* SWRevealViewController.h */ = {isa = PBXFileReference; fileEncoding = 4; lastKnownFileType = sourcecode.c.h; path = SWRevealViewController.h; sourceTree = "<group>"; };
		85A1F9611B6BB1F100F7121D /* SWRevealViewController.m */ = {isa = PBXFileReference; fileEncoding = 4; lastKnownFileType = sourcecode.c.objc; path = SWRevealViewController.m; sourceTree = "<group>"; };
		85C2D2861B6CC84600513FA4 /* ListVC.swift */ = {isa = PBXFileReference; fileEncoding = 4; lastKnownFileType = sourcecode.swift; path = ListVC.swift; sourceTree = "<group>"; };
		85C2D2881B6CCA8900513FA4 /* ListCell.swift */ = {isa = PBXFileReference; fileEncoding = 4; lastKnownFileType = sourcecode.swift; path = ListCell.swift; sourceTree = "<group>"; };
		85C2D28E1B6CE23F00513FA4 /* User.swift */ = {isa = PBXFileReference; fileEncoding = 4; lastKnownFileType = sourcecode.swift; path = User.swift; sourceTree = "<group>"; };
		85C2D2901B6E57C200513FA4 /* Settings.swift */ = {isa = PBXFileReference; fileEncoding = 4; lastKnownFileType = sourcecode.swift; path = Settings.swift; sourceTree = "<group>"; };
		85C33C8E1B5A747900C27530 /* iungo-Bridging-Header.h */ = {isa = PBXFileReference; lastKnownFileType = sourcecode.c.h; path = "iungo-Bridging-Header.h"; sourceTree = "<group>"; };
		85DE97E51B961BFC005ACFEF /* LoginVC.swift */ = {isa = PBXFileReference; fileEncoding = 4; lastKnownFileType = sourcecode.swift; path = LoginVC.swift; sourceTree = "<group>"; };
		85DFDDF41B84C3D500A0BE72 /* NetworkGroupCell.swift */ = {isa = PBXFileReference; fileEncoding = 4; lastKnownFileType = sourcecode.swift; path = NetworkGroupCell.swift; sourceTree = "<group>"; };
		85DFDDF61B84C9BD00A0BE72 /* NetworkGroup.swift */ = {isa = PBXFileReference; fileEncoding = 4; lastKnownFileType = sourcecode.swift; path = NetworkGroup.swift; sourceTree = "<group>"; };
		85DFDDF81B85F49C00A0BE72 /* NetworkGroupProfileVC.swift */ = {isa = PBXFileReference; fileEncoding = 4; lastKnownFileType = sourcecode.swift; path = NetworkGroupProfileVC.swift; sourceTree = "<group>"; };
		85DFDDFB1B85FB7800A0BE72 /* NetworkTopCell.swift */ = {isa = PBXFileReference; fileEncoding = 4; lastKnownFileType = sourcecode.swift; path = NetworkTopCell.swift; sourceTree = "<group>"; };
		85DFDDFD1B85FBB100A0BE72 /* NetworkInfoCell.swift */ = {isa = PBXFileReference; fileEncoding = 4; lastKnownFileType = sourcecode.swift; path = NetworkInfoCell.swift; sourceTree = "<group>"; };
		85DFDDFF1B85FBD500A0BE72 /* NetworkDescriptionCell.swift */ = {isa = PBXFileReference; fileEncoding = 4; lastKnownFileType = sourcecode.swift; path = NetworkDescriptionCell.swift; sourceTree = "<group>"; };
		85E8B3BE1B5D408600FD72F2 /* SwiftyJSON.framework */ = {isa = PBXFileReference; lastKnownFileType = wrapper.framework; name = SwiftyJSON.framework; path = "Pods/../build/Debug-iphoneos/Pods/SwiftyJSON.framework"; sourceTree = "<group>"; };
/* End PBXFileReference section */

/* Begin PBXFrameworksBuildPhase section */
		85225FEA1B5A711C001E7BED /* Frameworks */ = {
			isa = PBXFrameworksBuildPhase;
			buildActionMask = 2147483647;
			files = (
				85563A9C1B9CD3E1005C926E /* SystemConfiguration.framework in Frameworks */,
				85563A9A1B9CD3D4005C926E /* Security.framework in Frameworks */,
				85563A981B9CD3CA005C926E /* CFNetwork.framework in Frameworks */,
				85563A961B9CD3BE005C926E /* libc++.tbd in Frameworks */,
				85563A931B9CD3AA005C926E /* libicucore.A.tbd in Frameworks */,
				85563A941B9CD3AA005C926E /* libicucore.tbd in Frameworks */,
				85563A8F1B9CD2D0005C926E /* Firebase.framework in Frameworks */,
			);
			runOnlyForDeploymentPostprocessing = 0;
		};
		852260011B5A711C001E7BED /* Frameworks */ = {
			isa = PBXFrameworksBuildPhase;
			buildActionMask = 2147483647;
			files = (
			);
			runOnlyForDeploymentPostprocessing = 0;
		};
		8522600C1B5A711C001E7BED /* Frameworks */ = {
			isa = PBXFrameworksBuildPhase;
			buildActionMask = 2147483647;
			files = (
			);
			runOnlyForDeploymentPostprocessing = 0;
		};
/* End PBXFrameworksBuildPhase section */

/* Begin PBXGroup section */
		17E115F308480982F5842A41 /* Pods */ = {
			isa = PBXGroup;
			children = (
			);
			name = Pods;
			sourceTree = "<group>";
		};
		85059C1C1B987226001F9F15 /* Wall */ = {
			isa = PBXGroup;
			children = (
				85059C1D1B987277001F9F15 /* NotificationCell.swift */,
				85059C1F1B98731A001F9F15 /* WallNewMemberCell.swift */,
				85059C211B987335001F9F15 /* WallMeetingUpdateCell.swift */,
				85059C231B987372001F9F15 /* WallReminderCell.swift */,
			);
			name = Wall;
			sourceTree = "<group>";
		};
		8520C8511BAB5F1F008471EB /* ImageEnlargement */ = {
			isa = PBXGroup;
			children = (
			);
			name = ImageEnlargement;
			sourceTree = "<group>";
		};
		85225FE41B5A711C001E7BED = {
			isa = PBXGroup;
			children = (
				85225FEF1B5A711C001E7BED /* iungo */,
				852260071B5A711C001E7BED /* iungoTests */,
				852260121B5A711C001E7BED /* iungoUITests */,
				85225FEE1B5A711C001E7BED /* Products */,
				17E115F308480982F5842A41 /* Pods */,
				F276BC862E2370157ED1993B /* Frameworks */,
			);
			sourceTree = "<group>";
		};
		85225FEE1B5A711C001E7BED /* Products */ = {
			isa = PBXGroup;
			children = (
				85225FED1B5A711C001E7BED /* iungo.app */,
				852260041B5A711C001E7BED /* iungoTests.xctest */,
				8522600F1B5A711C001E7BED /* iungoUITests.xctest */,
			);
			name = Products;
			sourceTree = "<group>";
		};
		85225FEF1B5A711C001E7BED /* iungo */ = {
			isa = PBXGroup;
			children = (
				85C2D28B1B6CE20000513FA4 /* Model */,
				85A1F95F1B6BB1CF00F7121D /* Supporting files */,
				85A1F95E1B6BAA4700F7121D /* ViewControllers */,
				855F2F1F1B5FCCD400FF24A1 /* TableViewCells */,
				85225FF01B5A711C001E7BED /* AppDelegate.swift */,
				85225FF41B5A711C001E7BED /* Main.storyboard */,
				854463E21B7A598700C25F6C /* GMNavVC.swift */,
				85059C2B1B9C924A001F9F15 /* Assets.xcassets */,
				85225FFC1B5A711C001E7BED /* LaunchScreen.storyboard */,
				85225FFF1B5A711C001E7BED /* Info.plist */,
				85225FF71B5A711C001E7BED /* iungo.xcdatamodeld */,
			);
			path = iungo;
			sourceTree = "<group>";
		};
		852260071B5A711C001E7BED /* iungoTests */ = {
			isa = PBXGroup;
			children = (
				852260081B5A711C001E7BED /* iungoTests.swift */,
				8522600A1B5A711C001E7BED /* Info.plist */,
			);
			path = iungoTests;
			sourceTree = "<group>";
		};
		852260121B5A711C001E7BED /* iungoUITests */ = {
			isa = PBXGroup;
			children = (
				852260131B5A711C001E7BED /* iungoUITests.swift */,
				852260151B5A711C001E7BED /* Info.plist */,
			);
			path = iungoUITests;
			sourceTree = "<group>";
		};
		85563A9F1BA1561B005C926E /* ProfileEdit */ = {
			isa = PBXGroup;
			children = (
				85563AA01BA1B988005C926E /* ProfileEditTopCell.swift */,
				85563AA21BA1B9A6005C926E /* ProfileEditContactCell.swift */,
				85563AA41BA1B9BA005C926E /* ProfileEditAddressCell.swift */,
				85563AA61BA1B9CD005C926E /* ProfileEditDescriptionCell.swift */,
				85563AA81BA1C7E1005C926E /* TestCell.swift */,
				85563AAA1BA1D2D5005C926E /* ProfileEditUserCell.swift */,
			);
			name = ProfileEdit;
			sourceTree = "<group>";
		};
		855F2F1F1B5FCCD400FF24A1 /* TableViewCells */ = {
			isa = PBXGroup;
			children = (
				85C2D2881B6CCA8900513FA4 /* ListCell.swift */,
				85DFDDF41B84C3D500A0BE72 /* NetworkGroupCell.swift */,
				857A62041B5D284500AA3921 /* MeetingCell.swift */,
				85563A9F1BA1561B005C926E /* ProfileEdit */,
				85059C1C1B987226001F9F15 /* Wall */,
				85DFDDFA1B85FB1800A0BE72 /* NetworkProfile */,
				858985CA1B7A059700541557 /* Profile */,
				858985C91B7A057300541557 /* Meeting */,
			);
			name = TableViewCells;
			sourceTree = "<group>";
		};
		858985C91B7A057300541557 /* Meeting */ = {
			isa = PBXGroup;
			children = (
				855F2F201B5FCD0800FF24A1 /* MeetingTop.swift */,
				855F2F221B5FCD7900FF24A1 /* MeetingPlace.swift */,
				855F2F241B5FCD8F00FF24A1 /* MeetingInfo.swift */,
				855F2F261B5FCDA400FF24A1 /* MeetingAgenda.swift */,
				858985C51B75FA7800541557 /* MeetingButton.swift */,
			);
			name = Meeting;
			sourceTree = "<group>";
		};
		858985CA1B7A059700541557 /* Profile */ = {
			isa = PBXGroup;
			children = (
				858985CB1B7A05C500541557 /* ProfileTopCell.swift */,
				858985CD1B7A062C00541557 /* ProfileContactCell.swift */,
				858985CF1B7A064000541557 /* ProfileAddressCell.swift */,
				858985D11B7A065600541557 /* ProfileDescriptionCell.swift */,
			);
			name = Profile;
			sourceTree = "<group>";
		};
		85A1F95E1B6BAA4700F7121D /* ViewControllers */ = {
			isa = PBXGroup;
			children = (
				85C2D2861B6CC84600513FA4 /* ListVC.swift */,
				85A1F95C1B6BAA0900F7121D /* MenuViewController.swift */,
				85225FF21B5A711C001E7BED /* ViewController.swift */,
				855F2ED81B5EF6FF00FF24A1 /* MeetingViewController.swift */,
				858985C11B751D6800541557 /* TestVC.swift */,
				858985C71B77526B00541557 /* ProfileVC.swift */,
				85083F0E1B7A5CF8000497F2 /* NetworkGroupVC.swift */,
				85DFDDF81B85F49C00A0BE72 /* NetworkGroupProfileVC.swift */,
				85DE97E51B961BFC005ACFEF /* LoginVC.swift */,
				85059C181B963FBD001F9F15 /* PreloaderVC.swift */,
				85059C251B9873D6001F9F15 /* WallVC.swift */,
				85563A9D1BA15422005C926E /* ProfileEditVC.swift */,
				8520C8471BA81D06008471EB /* ProfileNavVC.swift */,
				8520C8491BAA066F008471EB /* ReferatVC.swift */,
				8520C84B1BAA100C008471EB /* IndstillingerVC.swift */,
				8520C84F1BAADA95008471EB /* CustomTableView.swift */,
			);
			name = ViewControllers;
			sourceTree = "<group>";
		};
		85A1F95F1B6BB1CF00F7121D /* Supporting files */ = {
			isa = PBXGroup;
			children = (
				8520C8511BAB5F1F008471EB /* ImageEnlargement */,
				85C33C8E1B5A747900C27530 /* iungo-Bridging-Header.h */,
				85A1F9601B6BB1F100F7121D /* SWRevealViewController.h */,
				85A1F9611B6BB1F100F7121D /* SWRevealViewController.m */,
				85563A8C1B9CD249005C926E /* SwiftyJSON.swift */,
				8520C8451BA756D3008471EB /* B68UIFloatLabelTextField.swift */,
				855F2EDA1B5EFA9700FF24A1 /* TransitionManager.swift */,
			);
			name = "Supporting files";
			sourceTree = "<group>";
		};
		85C2D28B1B6CE20000513FA4 /* Model */ = {
			isa = PBXGroup;
			children = (
				857739DE1B5E7ABA008ADFA0 /* Meeting.swift */,
				85C2D28E1B6CE23F00513FA4 /* User.swift */,
				85C2D2901B6E57C200513FA4 /* Settings.swift */,
				85DFDDF61B84C9BD00A0BE72 /* NetworkGroup.swift */,
				85059C1A1B986BA3001F9F15 /* Noti.swift */,
			);
			name = Model;
			sourceTree = "<group>";
		};
		85DFDDFA1B85FB1800A0BE72 /* NetworkProfile */ = {
			isa = PBXGroup;
			children = (
				85DFDDFB1B85FB7800A0BE72 /* NetworkTopCell.swift */,
				85DFDDFD1B85FBB100A0BE72 /* NetworkInfoCell.swift */,
				85DFDDFF1B85FBD500A0BE72 /* NetworkDescriptionCell.swift */,
			);
			name = NetworkProfile;
			sourceTree = "<group>";
		};
		F276BC862E2370157ED1993B /* Frameworks */ = {
			isa = PBXGroup;
			children = (
				85563A9B1B9CD3E1005C926E /* SystemConfiguration.framework */,
				85563A991B9CD3D4005C926E /* Security.framework */,
				85563A971B9CD3CA005C926E /* CFNetwork.framework */,
				85563A951B9CD3BE005C926E /* libc++.tbd */,
				85563A911B9CD3AA005C926E /* libicucore.A.tbd */,
				85563A921B9CD3AA005C926E /* libicucore.tbd */,
				85563A8E1B9CD2D0005C926E /* Firebase.framework */,
				85E8B3BE1B5D408600FD72F2 /* SwiftyJSON.framework */,
			);
			name = Frameworks;
			sourceTree = "<group>";
		};
/* End PBXGroup section */

/* Begin PBXNativeTarget section */
		85225FEC1B5A711C001E7BED /* iungo */ = {
			isa = PBXNativeTarget;
			buildConfigurationList = 852260181B5A711C001E7BED /* Build configuration list for PBXNativeTarget "iungo" */;
			buildPhases = (
				85225FE91B5A711C001E7BED /* Sources */,
				85225FEA1B5A711C001E7BED /* Frameworks */,
				85225FEB1B5A711C001E7BED /* Resources */,
			);
			buildRules = (
				85563A901B9CD31A005C926E /* PBXBuildRule */,
			);
			dependencies = (
			);
			name = iungo;
			productName = iungo;
			productReference = 85225FED1B5A711C001E7BED /* iungo.app */;
			productType = "com.apple.product-type.application";
		};
		852260031B5A711C001E7BED /* iungoTests */ = {
			isa = PBXNativeTarget;
			buildConfigurationList = 8522601B1B5A711C001E7BED /* Build configuration list for PBXNativeTarget "iungoTests" */;
			buildPhases = (
				852260001B5A711C001E7BED /* Sources */,
				852260011B5A711C001E7BED /* Frameworks */,
				852260021B5A711C001E7BED /* Resources */,
			);
			buildRules = (
			);
			dependencies = (
				852260061B5A711C001E7BED /* PBXTargetDependency */,
			);
			name = iungoTests;
			productName = iungoTests;
			productReference = 852260041B5A711C001E7BED /* iungoTests.xctest */;
			productType = "com.apple.product-type.bundle.unit-test";
		};
		8522600E1B5A711C001E7BED /* iungoUITests */ = {
			isa = PBXNativeTarget;
			buildConfigurationList = 8522601E1B5A711C001E7BED /* Build configuration list for PBXNativeTarget "iungoUITests" */;
			buildPhases = (
				8522600B1B5A711C001E7BED /* Sources */,
				8522600C1B5A711C001E7BED /* Frameworks */,
				8522600D1B5A711C001E7BED /* Resources */,
			);
			buildRules = (
			);
			dependencies = (
				852260111B5A711C001E7BED /* PBXTargetDependency */,
			);
			name = iungoUITests;
			productName = iungoUITests;
			productReference = 8522600F1B5A711C001E7BED /* iungoUITests.xctest */;
			productType = "com.apple.product-type.bundle.ui-testing";
		};
/* End PBXNativeTarget section */

/* Begin PBXProject section */
		85225FE51B5A711C001E7BED /* Project object */ = {
			isa = PBXProject;
			attributes = {
				LastSwiftUpdateCheck = 0700;
				LastUpgradeCheck = 0700;
				ORGANIZATIONNAME = "Niklas Gundlev";
				TargetAttributes = {
					85225FEC1B5A711C001E7BED = {
						CreatedOnToolsVersion = 7.0;
						DevelopmentTeam = 62PHHA9WNZ;
					};
					852260031B5A711C001E7BED = {
						CreatedOnToolsVersion = 7.0;
						TestTargetID = 85225FEC1B5A711C001E7BED;
					};
					8522600E1B5A711C001E7BED = {
						CreatedOnToolsVersion = 7.0;
						TestTargetID = 85225FEC1B5A711C001E7BED;
					};
				};
			};
			buildConfigurationList = 85225FE81B5A711C001E7BED /* Build configuration list for PBXProject "iungo" */;
			compatibilityVersion = "Xcode 3.2";
			developmentRegion = English;
			hasScannedForEncodings = 0;
			knownRegions = (
				en,
				Base,
			);
			mainGroup = 85225FE41B5A711C001E7BED;
			productRefGroup = 85225FEE1B5A711C001E7BED /* Products */;
			projectDirPath = "";
			projectRoot = "";
			targets = (
				85225FEC1B5A711C001E7BED /* iungo */,
				852260031B5A711C001E7BED /* iungoTests */,
				8522600E1B5A711C001E7BED /* iungoUITests */,
			);
		};
/* End PBXProject section */

/* Begin PBXResourcesBuildPhase section */
		85225FEB1B5A711C001E7BED /* Resources */ = {
			isa = PBXResourcesBuildPhase;
			buildActionMask = 2147483647;
			files = (
				85225FFE1B5A711C001E7BED /* LaunchScreen.storyboard in Resources */,
				85059C2C1B9C924A001F9F15 /* Assets.xcassets in Resources */,
				85225FF61B5A711C001E7BED /* Main.storyboard in Resources */,
			);
			runOnlyForDeploymentPostprocessing = 0;
		};
		852260021B5A711C001E7BED /* Resources */ = {
			isa = PBXResourcesBuildPhase;
			buildActionMask = 2147483647;
			files = (
			);
			runOnlyForDeploymentPostprocessing = 0;
		};
		8522600D1B5A711C001E7BED /* Resources */ = {
			isa = PBXResourcesBuildPhase;
			buildActionMask = 2147483647;
			files = (
			);
			runOnlyForDeploymentPostprocessing = 0;
		};
/* End PBXResourcesBuildPhase section */

/* Begin PBXSourcesBuildPhase section */
		85225FE91B5A711C001E7BED /* Sources */ = {
			isa = PBXSourcesBuildPhase;
			buildActionMask = 2147483647;
			files = (
				858985C21B751D6800541557 /* TestVC.swift in Sources */,
				85A1F9621B6BB1F100F7121D /* SWRevealViewController.m in Sources */,
				855F2ED91B5EF6FF00FF24A1 /* MeetingViewController.swift in Sources */,
				858985CC1B7A05C500541557 /* ProfileTopCell.swift in Sources */,
				85DE97E61B961BFC005ACFEF /* LoginVC.swift in Sources */,
				858985D21B7A065600541557 /* ProfileDescriptionCell.swift in Sources */,
				8520C8481BA81D06008471EB /* ProfileNavVC.swift in Sources */,
				855F2F231B5FCD7900FF24A1 /* MeetingPlace.swift in Sources */,
				85059C241B987372001F9F15 /* WallReminderCell.swift in Sources */,
				85DFDDFE1B85FBB100A0BE72 /* NetworkInfoCell.swift in Sources */,
				85563AA71BA1B9CD005C926E /* ProfileEditDescriptionCell.swift in Sources */,
				85563AA11BA1B988005C926E /* ProfileEditTopCell.swift in Sources */,
				857739DF1B5E7ABA008ADFA0 /* Meeting.swift in Sources */,
				855F2EDB1B5EFA9700FF24A1 /* TransitionManager.swift in Sources */,
				8520C8501BAADA95008471EB /* CustomTableView.swift in Sources */,
				85083F0F1B7A5CF8000497F2 /* NetworkGroupVC.swift in Sources */,
				8520C8461BA756D3008471EB /* B68UIFloatLabelTextField.swift in Sources */,
				85225FF91B5A711C001E7BED /* iungo.xcdatamodeld in Sources */,
				855F2F271B5FCDA400FF24A1 /* MeetingAgenda.swift in Sources */,
				855F2F251B5FCD8F00FF24A1 /* MeetingInfo.swift in Sources */,
				85563AA51BA1B9BA005C926E /* ProfileEditAddressCell.swift in Sources */,
				85059C201B98731A001F9F15 /* WallNewMemberCell.swift in Sources */,
				858985CE1B7A062C00541557 /* ProfileContactCell.swift in Sources */,
				85DFDDF71B84C9BD00A0BE72 /* NetworkGroup.swift in Sources */,
				85563A9E1BA15422005C926E /* ProfileEditVC.swift in Sources */,
				858985C81B77526B00541557 /* ProfileVC.swift in Sources */,
				85A1F95D1B6BAA0900F7121D /* MenuViewController.swift in Sources */,
				85059C191B963FBD001F9F15 /* PreloaderVC.swift in Sources */,
				85563AA91BA1C7E1005C926E /* TestCell.swift in Sources */,
				857A62051B5D284500AA3921 /* MeetingCell.swift in Sources */,
				85C2D2891B6CCA8900513FA4 /* ListCell.swift in Sources */,
				85225FF31B5A711C001E7BED /* ViewController.swift in Sources */,
				85059C1B1B986BA3001F9F15 /* Noti.swift in Sources */,
				85059C1E1B987277001F9F15 /* NotificationCell.swift in Sources */,
				85059C261B9873D6001F9F15 /* WallVC.swift in Sources */,
				858985C61B75FA7800541557 /* MeetingButton.swift in Sources */,
				85059C221B987335001F9F15 /* WallMeetingUpdateCell.swift in Sources */,
				858985D01B7A064000541557 /* ProfileAddressCell.swift in Sources */,
				85C2D2871B6CC84700513FA4 /* ListVC.swift in Sources */,
				85C2D28F1B6CE23F00513FA4 /* User.swift in Sources */,
				8520C84A1BAA066F008471EB /* ReferatVC.swift in Sources */,
				85563AAB1BA1D2D5005C926E /* ProfileEditUserCell.swift in Sources */,
				8520C84C1BAA100C008471EB /* IndstillingerVC.swift in Sources */,
				85563A8D1B9CD249005C926E /* SwiftyJSON.swift in Sources */,
				854463E31B7A598700C25F6C /* GMNavVC.swift in Sources */,
				85DFDDF51B84C3D500A0BE72 /* NetworkGroupCell.swift in Sources */,
				85225FF11B5A711C001E7BED /* AppDelegate.swift in Sources */,
				85DFDDFC1B85FB7800A0BE72 /* NetworkTopCell.swift in Sources */,
				85DFDDF91B85F49C00A0BE72 /* NetworkGroupProfileVC.swift in Sources */,
				85563AA31BA1B9A6005C926E /* ProfileEditContactCell.swift in Sources */,
				85C2D2911B6E57C200513FA4 /* Settings.swift in Sources */,
				85DFDE001B85FBD500A0BE72 /* NetworkDescriptionCell.swift in Sources */,
				855F2F211B5FCD0800FF24A1 /* MeetingTop.swift in Sources */,
			);
			runOnlyForDeploymentPostprocessing = 0;
		};
		852260001B5A711C001E7BED /* Sources */ = {
			isa = PBXSourcesBuildPhase;
			buildActionMask = 2147483647;
			files = (
				852260091B5A711C001E7BED /* iungoTests.swift in Sources */,
			);
			runOnlyForDeploymentPostprocessing = 0;
		};
		8522600B1B5A711C001E7BED /* Sources */ = {
			isa = PBXSourcesBuildPhase;
			buildActionMask = 2147483647;
			files = (
				852260141B5A711C001E7BED /* iungoUITests.swift in Sources */,
			);
			runOnlyForDeploymentPostprocessing = 0;
		};
/* End PBXSourcesBuildPhase section */

/* Begin PBXTargetDependency section */
		852260061B5A711C001E7BED /* PBXTargetDependency */ = {
			isa = PBXTargetDependency;
			target = 85225FEC1B5A711C001E7BED /* iungo */;
			targetProxy = 852260051B5A711C001E7BED /* PBXContainerItemProxy */;
		};
		852260111B5A711C001E7BED /* PBXTargetDependency */ = {
			isa = PBXTargetDependency;
			target = 85225FEC1B5A711C001E7BED /* iungo */;
			targetProxy = 852260101B5A711C001E7BED /* PBXContainerItemProxy */;
		};
/* End PBXTargetDependency section */

/* Begin PBXVariantGroup section */
		85225FF41B5A711C001E7BED /* Main.storyboard */ = {
			isa = PBXVariantGroup;
			children = (
				85225FF51B5A711C001E7BED /* Base */,
			);
			name = Main.storyboard;
			sourceTree = "<group>";
		};
		85225FFC1B5A711C001E7BED /* LaunchScreen.storyboard */ = {
			isa = PBXVariantGroup;
			children = (
				85225FFD1B5A711C001E7BED /* Base */,
			);
			name = LaunchScreen.storyboard;
			sourceTree = "<group>";
		};
/* End PBXVariantGroup section */

/* Begin XCBuildConfiguration section */
		852260161B5A711C001E7BED /* Debug */ = {
			isa = XCBuildConfiguration;
			buildSettings = {
				ALWAYS_SEARCH_USER_PATHS = NO;
				CLANG_CXX_LANGUAGE_STANDARD = "gnu++0x";
				CLANG_CXX_LIBRARY = "libc++";
				CLANG_ENABLE_MODULES = YES;
				CLANG_ENABLE_OBJC_ARC = YES;
				CLANG_WARN_BOOL_CONVERSION = YES;
				CLANG_WARN_CONSTANT_CONVERSION = YES;
				CLANG_WARN_DIRECT_OBJC_ISA_USAGE = YES_ERROR;
				CLANG_WARN_EMPTY_BODY = YES;
				CLANG_WARN_ENUM_CONVERSION = YES;
				CLANG_WARN_INT_CONVERSION = YES;
				CLANG_WARN_OBJC_ROOT_CLASS = YES_ERROR;
				CLANG_WARN_UNREACHABLE_CODE = YES;
				CLANG_WARN__DUPLICATE_METHOD_MATCH = YES;
				"CODE_SIGN_IDENTITY[sdk=iphoneos*]" = "iPhone Developer";
				COPY_PHASE_STRIP = NO;
				DEBUG_INFORMATION_FORMAT = dwarf;
				ENABLE_STRICT_OBJC_MSGSEND = YES;
				ENABLE_TESTABILITY = YES;
				GCC_C_LANGUAGE_STANDARD = gnu99;
				GCC_DYNAMIC_NO_PIC = NO;
				GCC_NO_COMMON_BLOCKS = YES;
				GCC_OPTIMIZATION_LEVEL = 0;
				GCC_PREPROCESSOR_DEFINITIONS = (
					"DEBUG=1",
					"$(inherited)",
				);
				GCC_WARN_64_TO_32_BIT_CONVERSION = YES;
				GCC_WARN_ABOUT_RETURN_TYPE = YES_ERROR;
				GCC_WARN_UNDECLARED_SELECTOR = YES;
				GCC_WARN_UNINITIALIZED_AUTOS = YES_AGGRESSIVE;
				GCC_WARN_UNUSED_FUNCTION = YES;
				GCC_WARN_UNUSED_VARIABLE = YES;
				IPHONEOS_DEPLOYMENT_TARGET = 8.4;
				MTL_ENABLE_DEBUG_INFO = YES;
				ONLY_ACTIVE_ARCH = YES;
				SDKROOT = iphoneos;
				SWIFT_OPTIMIZATION_LEVEL = "-Onone";
			};
			name = Debug;
		};
		852260171B5A711C001E7BED /* Release */ = {
			isa = XCBuildConfiguration;
			buildSettings = {
				ALWAYS_SEARCH_USER_PATHS = NO;
				CLANG_CXX_LANGUAGE_STANDARD = "gnu++0x";
				CLANG_CXX_LIBRARY = "libc++";
				CLANG_ENABLE_MODULES = YES;
				CLANG_ENABLE_OBJC_ARC = YES;
				CLANG_WARN_BOOL_CONVERSION = YES;
				CLANG_WARN_CONSTANT_CONVERSION = YES;
				CLANG_WARN_DIRECT_OBJC_ISA_USAGE = YES_ERROR;
				CLANG_WARN_EMPTY_BODY = YES;
				CLANG_WARN_ENUM_CONVERSION = YES;
				CLANG_WARN_INT_CONVERSION = YES;
				CLANG_WARN_OBJC_ROOT_CLASS = YES_ERROR;
				CLANG_WARN_UNREACHABLE_CODE = YES;
				CLANG_WARN__DUPLICATE_METHOD_MATCH = YES;
				"CODE_SIGN_IDENTITY[sdk=iphoneos*]" = "iPhone Developer";
				COPY_PHASE_STRIP = NO;
				DEBUG_INFORMATION_FORMAT = "dwarf-with-dsym";
				ENABLE_NS_ASSERTIONS = NO;
				ENABLE_STRICT_OBJC_MSGSEND = YES;
				GCC_C_LANGUAGE_STANDARD = gnu99;
				GCC_NO_COMMON_BLOCKS = YES;
				GCC_WARN_64_TO_32_BIT_CONVERSION = YES;
				GCC_WARN_ABOUT_RETURN_TYPE = YES_ERROR;
				GCC_WARN_UNDECLARED_SELECTOR = YES;
				GCC_WARN_UNINITIALIZED_AUTOS = YES_AGGRESSIVE;
				GCC_WARN_UNUSED_FUNCTION = YES;
				GCC_WARN_UNUSED_VARIABLE = YES;
				IPHONEOS_DEPLOYMENT_TARGET = 8.4;
				MTL_ENABLE_DEBUG_INFO = NO;
				SDKROOT = iphoneos;
				VALIDATE_PRODUCT = YES;
			};
			name = Release;
		};
		852260191B5A711C001E7BED /* Debug */ = {
			isa = XCBuildConfiguration;
			buildSettings = {
				ASSETCATALOG_COMPILER_APPICON_NAME = AppIcon;
				CLANG_ENABLE_MODULES = YES;
				CODE_SIGN_IDENTITY = "iPhone Developer";
				EMBEDDED_CONTENT_CONTAINS_SWIFT = YES;
				ENABLE_BITCODE = NO;
				FRAMEWORK_SEARCH_PATHS = (
					"$(inherited)",
					"$(PROJECT_DIR)",
				);
				INFOPLIST_FILE = iungo/Info.plist;
				IPHONEOS_DEPLOYMENT_TARGET = 8.4;
				LD_RUNPATH_SEARCH_PATHS = "$(inherited) @executable_path/Frameworks";
				PRODUCT_BUNDLE_IDENTIFIER = com.gundlev.iungo;
				PRODUCT_NAME = "$(TARGET_NAME)";
				PROVISIONING_PROFILE = "";
				SWIFT_OBJC_BRIDGING_HEADER = "iungo/iungo-Bridging-Header.h";
				SWIFT_OPTIMIZATION_LEVEL = "-Onone";
			};
			name = Debug;
		};
		8522601A1B5A711C001E7BED /* Release */ = {
			isa = XCBuildConfiguration;
			buildSettings = {
				ASSETCATALOG_COMPILER_APPICON_NAME = AppIcon;
				CLANG_ENABLE_MODULES = YES;
				CODE_SIGN_IDENTITY = "iPhone Developer";
				EMBEDDED_CONTENT_CONTAINS_SWIFT = YES;
				ENABLE_BITCODE = NO;
				FRAMEWORK_SEARCH_PATHS = (
					"$(inherited)",
					"$(PROJECT_DIR)",
				);
				INFOPLIST_FILE = iungo/Info.plist;
				IPHONEOS_DEPLOYMENT_TARGET = 8.4;
				LD_RUNPATH_SEARCH_PATHS = "$(inherited) @executable_path/Frameworks";
				PRODUCT_BUNDLE_IDENTIFIER = com.gundlev.iungo;
				PRODUCT_NAME = "$(TARGET_NAME)";
				PROVISIONING_PROFILE = "";
				SWIFT_OBJC_BRIDGING_HEADER = "iungo/iungo-Bridging-Header.h";
			};
			name = Release;
		};
		8522601C1B5A711C001E7BED /* Debug */ = {
			isa = XCBuildConfiguration;
			buildSettings = {
				BUNDLE_LOADER = "$(TEST_HOST)";
				INFOPLIST_FILE = iungoTests/Info.plist;
				LD_RUNPATH_SEARCH_PATHS = "$(inherited) @executable_path/Frameworks @loader_path/Frameworks";
				PRODUCT_BUNDLE_IDENTIFIER = com.gundlev.iungoTests;
				PRODUCT_NAME = "$(TARGET_NAME)";
				TEST_HOST = "$(BUILT_PRODUCTS_DIR)/iungo.app/iungo";
			};
			name = Debug;
		};
		8522601D1B5A711C001E7BED /* Release */ = {
			isa = XCBuildConfiguration;
			buildSettings = {
				BUNDLE_LOADER = "$(TEST_HOST)";
				INFOPLIST_FILE = iungoTests/Info.plist;
				LD_RUNPATH_SEARCH_PATHS = "$(inherited) @executable_path/Frameworks @loader_path/Frameworks";
				PRODUCT_BUNDLE_IDENTIFIER = com.gundlev.iungoTests;
				PRODUCT_NAME = "$(TARGET_NAME)";
				TEST_HOST = "$(BUILT_PRODUCTS_DIR)/iungo.app/iungo";
			};
			name = Release;
		};
		8522601F1B5A711C001E7BED /* Debug */ = {
			isa = XCBuildConfiguration;
			buildSettings = {
				INFOPLIST_FILE = iungoUITests/Info.plist;
				LD_RUNPATH_SEARCH_PATHS = "$(inherited) @executable_path/Frameworks @loader_path/Frameworks";
				PRODUCT_BUNDLE_IDENTIFIER = com.gundlev.iungoUITests;
				PRODUCT_NAME = "$(TARGET_NAME)";
				TEST_TARGET_NAME = iungo;
				USES_XCTRUNNER = YES;
			};
			name = Debug;
		};
		852260201B5A711C001E7BED /* Release */ = {
			isa = XCBuildConfiguration;
			buildSettings = {
				INFOPLIST_FILE = iungoUITests/Info.plist;
				LD_RUNPATH_SEARCH_PATHS = "$(inherited) @executable_path/Frameworks @loader_path/Frameworks";
				PRODUCT_BUNDLE_IDENTIFIER = com.gundlev.iungoUITests;
				PRODUCT_NAME = "$(TARGET_NAME)";
				TEST_TARGET_NAME = iungo;
				USES_XCTRUNNER = YES;
			};
			name = Release;
		};
/* End XCBuildConfiguration section */

/* Begin XCConfigurationList section */
		85225FE81B5A711C001E7BED /* Build configuration list for PBXProject "iungo" */ = {
			isa = XCConfigurationList;
			buildConfigurations = (
				852260161B5A711C001E7BED /* Debug */,
				852260171B5A711C001E7BED /* Release */,
			);
			defaultConfigurationIsVisible = 0;
			defaultConfigurationName = Release;
		};
		852260181B5A711C001E7BED /* Build configuration list for PBXNativeTarget "iungo" */ = {
			isa = XCConfigurationList;
			buildConfigurations = (
				852260191B5A711C001E7BED /* Debug */,
				8522601A1B5A711C001E7BED /* Release */,
			);
			defaultConfigurationIsVisible = 0;
			defaultConfigurationName = Release;
		};
		8522601B1B5A711C001E7BED /* Build configuration list for PBXNativeTarget "iungoTests" */ = {
			isa = XCConfigurationList;
			buildConfigurations = (
				8522601C1B5A711C001E7BED /* Debug */,
				8522601D1B5A711C001E7BED /* Release */,
			);
			defaultConfigurationIsVisible = 0;
			defaultConfigurationName = Release;
		};
		8522601E1B5A711C001E7BED /* Build configuration list for PBXNativeTarget "iungoUITests" */ = {
			isa = XCConfigurationList;
			buildConfigurations = (
				8522601F1B5A711C001E7BED /* Debug */,
				852260201B5A711C001E7BED /* Release */,
			);
			defaultConfigurationIsVisible = 0;
			defaultConfigurationName = Release;
		};
/* End XCConfigurationList section */

/* Begin XCVersionGroup section */
		85225FF71B5A711C001E7BED /* iungo.xcdatamodeld */ = {
			isa = XCVersionGroup;
			children = (
				85225FF81B5A711C001E7BED /* iungo.xcdatamodel */,
			);
			currentVersion = 85225FF81B5A711C001E7BED /* iungo.xcdatamodel */;
			path = iungo.xcdatamodeld;
			sourceTree = "<group>";
			versionGroupType = wrapper.xcdatamodel;
		};
/* End XCVersionGroup section */
	};
	rootObject = 85225FE51B5A711C001E7BED /* Project object */;
}
